// !$*UTF8*$!
{
	archiveVersion = 1;
	classes = {
	};
	objectVersion = 46;
	objects = {

/* Begin PBXBuildFile section */
		11566BF51CA72E6500FBFAAE /* AppDelegate.swift in Sources */ = {isa = PBXBuildFile; fileRef = 11566BF41CA72E6500FBFAAE /* AppDelegate.swift */; };
		11566BF71CA72E6500FBFAAE /* ViewController.swift in Sources */ = {isa = PBXBuildFile; fileRef = 11566BF61CA72E6500FBFAAE /* ViewController.swift */; };
		11566BFA1CA72E6500FBFAAE /* Main.storyboard in Resources */ = {isa = PBXBuildFile; fileRef = 11566BF81CA72E6500FBFAAE /* Main.storyboard */; };
		11566BFC1CA72E6500FBFAAE /* Assets.xcassets in Resources */ = {isa = PBXBuildFile; fileRef = 11566BFB1CA72E6500FBFAAE /* Assets.xcassets */; };
		11566BFF1CA72E6500FBFAAE /* LaunchScreen.storyboard in Resources */ = {isa = PBXBuildFile; fileRef = 11566BFD1CA72E6500FBFAAE /* LaunchScreen.storyboard */; };
/* End PBXBuildFile section */

/* Begin PBXFileReference section */
		11566BF11CA72E6500FBFAAE /* cocoapods-test.app */ = {isa = PBXFileReference; explicitFileType = wrapper.application; includeInIndex = 0; path = "cocoapods-test.app"; sourceTree = BUILT_PRODUCTS_DIR; };
		11566BF41CA72E6500FBFAAE /* AppDelegate.swift */ = {isa = PBXFileReference; lastKnownFileType = sourcecode.swift; path = AppDelegate.swift; sourceTree = "<group>"; };
		11566BF61CA72E6500FBFAAE /* ViewController.swift */ = {isa = PBXFileReference; lastKnownFileType = sourcecode.swift; path = ViewController.swift; sourceTree = "<group>"; };
		11566BF91CA72E6500FBFAAE /* Base */ = {isa = PBXFileReference; lastKnownFileType = file.storyboard; name = Base; path = Base.lproj/Main.storyboard; sourceTree = "<group>"; };
		11566BFB1CA72E6500FBFAAE /* Assets.xcassets */ = {isa = PBXFileReference; lastKnownFileType = folder.assetcatalog; path = Assets.xcassets; sourceTree = "<group>"; };
		11566BFE1CA72E6500FBFAAE /* Base */ = {isa = PBXFileReference; lastKnownFileType = file.storyboard; name = Base; path = Base.lproj/LaunchScreen.storyboard; sourceTree = "<group>"; };
		11566C001CA72E6500FBFAAE /* Info.plist */ = {isa = PBXFileReference; lastKnownFileType = text.plist.xml; path = Info.plist; sourceTree = "<group>"; };
/* End PBXFileReference section */

/* Begin PBXFrameworksBuildPhase section */
		11566BEE1CA72E6500FBFAAE /* Frameworks */ = {
			isa = PBXFrameworksBuildPhase;
			buildActionMask = 2147483647;
			files = (
			);
			runOnlyForDeploymentPostprocessing = 0;
		};
/* End PBXFrameworksBuildPhase section */

/* Begin PBXGroup section */
		11566BE81CA72E6500FBFAAE = {
			isa = PBXGroup;
			children = (
				11566BF31CA72E6500FBFAAE /* cocoapods-test */,
				11566BF21CA72E6500FBFAAE /* Products */,
			);
			sourceTree = "<group>";
		};
		11566BF21CA72E6500FBFAAE /* Products */ = {
			isa = PBXGroup;
			children = (
				11566BF11CA72E6500FBFAAE /* cocoapods-test.app */,
			);
			name = Products;
			sourceTree = "<group>";
		};
		11566BF31CA72E6500FBFAAE /* cocoapods-test */ = {
			isa = PBXGroup;
			children = (
				11566BF41CA72E6500FBFAAE /* AppDelegate.swift */,
				11566BF61CA72E6500FBFAAE /* ViewController.swift */,
				11566BF81CA72E6500FBFAAE /* Main.storyboard */,
				11566BFB1CA72E6500FBFAAE /* Assets.xcassets */,
				11566BFD1CA72E6500FBFAAE /* LaunchScreen.storyboard */,
				11566C001CA72E6500FBFAAE /* Info.plist */,
			);
			path = "cocoapods-test";
			sourceTree = "<group>";
		};
/* End PBXGroup section */

/* Begin PBXNativeTarget section */
		11566BF01CA72E6500FBFAAE /* cocoapods-test */ = {
			isa = PBXNativeTarget;
			buildConfigurationList = 11566C031CA72E6500FBFAAE /* Build configuration list for PBXNativeTarget "cocoapods-test" */;
			buildPhases = (
				11566BED1CA72E6500FBFAAE /* Sources */,
				11566BEE1CA72E6500FBFAAE /* Frameworks */,
				11566BEF1CA72E6500FBFAAE /* Resources */,
			);
			buildRules = (
			);
			dependencies = (
			);
			name = "cocoapods-test";
			productName = "cocoapods-test";
			productReference = 11566BF11CA72E6500FBFAAE /* cocoapods-test.app */;
			productType = "com.apple.product-type.application";
		};
/* End PBXNativeTarget section */

/* Begin PBXProject section */
		11566BE91CA72E6500FBFAAE /* Project object */ = {
			isa = PBXProject;
			attributes = {
				LastSwiftUpdateCheck = 0730;
				LastUpgradeCheck = 0730;
				ORGANIZATIONNAME = "Vyacheslav Horbach";
				TargetAttributes = {
					11566BF01CA72E6500FBFAAE = {
						CreatedOnToolsVersion = 7.3;
						DevelopmentTeam = HJKK55TVH2;
					};
				};
			};
			buildConfigurationList = 11566BEC1CA72E6500FBFAAE /* Build configuration list for PBXProject "cocoapods-test" */;
			compatibilityVersion = "Xcode 3.2";
			developmentRegion = English;
			hasScannedForEncodings = 0;
			knownRegions = (
				en,
				Base,
			);
			mainGroup = 11566BE81CA72E6500FBFAAE;
			productRefGroup = 11566BF21CA72E6500FBFAAE /* Products */;
			projectDirPath = "";
			projectRoot = "";
			targets = (
				11566BF01CA72E6500FBFAAE /* cocoapods-test */,
			);
		};
/* End PBXProject section */

/* Begin PBXResourcesBuildPhase section */
		11566BEF1CA72E6500FBFAAE /* Resources */ = {
			isa = PBXResourcesBuildPhase;
			buildActionMask = 2147483647;
			files = (
				11566BFF1CA72E6500FBFAAE /* LaunchScreen.storyboard in Resources */,
				11566BFC1CA72E6500FBFAAE /* Assets.xcassets in Resources */,
				11566BFA1CA72E6500FBFAAE /* Main.storyboard in Resources */,
			);
			runOnlyForDeploymentPostprocessing = 0;
		};
/* End PBXResourcesBuildPhase section */

/* Begin PBXSourcesBuildPhase section */
		11566BED1CA72E6500FBFAAE /* Sources */ = {
			isa = PBXSourcesBuildPhase;
			buildActionMask = 2147483647;
			files = (
				11566BF71CA72E6500FBFAAE /* ViewController.swift in Sources */,
				11566BF51CA72E6500FBFAAE /* AppDelegate.swift in Sources */,
			);
			runOnlyForDeploymentPostprocessing = 0;
		};
/* End PBXSourcesBuildPhase section */

/* Begin PBXVariantGroup section */
		11566BF81CA72E6500FBFAAE /* Main.storyboard */ = {
			isa = PBXVariantGroup;
			children = (
				11566BF91CA72E6500FBFAAE /* Base */,
			);
			name = Main.storyboard;
			sourceTree = "<group>";
		};
		11566BFD1CA72E6500FBFAAE /* LaunchScreen.storyboard */ = {
			isa = PBXVariantGroup;
			children = (
				11566BFE1CA72E6500FBFAAE /* Base */,
			);
			name = LaunchScreen.storyboard;
			sourceTree = "<group>";
		};
/* End PBXVariantGroup section */

/* Begin XCBuildConfiguration section */
		11566C011CA72E6500FBFAAE /* Debug */ = {
			isa = XCBuildConfiguration;
			buildSettings = {
				ALWAYS_SEARCH_USER_PATHS = NO;
				CLANG_ANALYZER_NONNULL = YES;
				CLANG_CXX_LANGUAGE_STANDARD = "gnu++0x";
				CLANG_CXX_LIBRARY = "libc++";
				CLANG_ENABLE_MODULES = YES;
				CLANG_ENABLE_OBJC_ARC = YES;
				CLANG_WARN_BOOL_CONVERSION = YES;
				CLANG_WARN_CONSTANT_CONVERSION = YES;
				CLANG_WARN_DIRECT_OBJC_ISA_USAGE = YES_ERROR;
				CLANG_WARN_EMPTY_BODY = YES;
				CLANG_WARN_ENUM_CONVERSION = YES;
				CLANG_WARN_INT_CONVERSION = YES;
				CLANG_WARN_OBJC_ROOT_CLASS = YES_ERROR;
				CLANG_WARN_UNREACHABLE_CODE = YES;
				CLANG_WARN__DUPLICATE_METHOD_MATCH = YES;
				"CODE_SIGN_IDENTITY[sdk=iphoneos*]" = "iPhone Developer";
				COPY_PHASE_STRIP = NO;
				DEBUG_INFORMATION_FORMAT = dwarf;
				ENABLE_STRICT_OBJC_MSGSEND = YES;
				ENABLE_TESTABILITY = YES;
				GCC_C_LANGUAGE_STANDARD = gnu99;
				GCC_DYNAMIC_NO_PIC = NO;
				GCC_NO_COMMON_BLOCKS = YES;
				GCC_OPTIMIZATION_LEVEL = 0;
				GCC_PREPROCESSOR_DEFINITIONS = (
					"DEBUG=1",
					"$(inherited)",
				);
				GCC_WARN_64_TO_32_BIT_CONVERSION = YES;
				GCC_WARN_ABOUT_RETURN_TYPE = YES_ERROR;
				GCC_WARN_UNDECLARED_SELECTOR = YES;
				GCC_WARN_UNINITIALIZED_AUTOS = YES_AGGRESSIVE;
				GCC_WARN_UNUSED_FUNCTION = YES;
				GCC_WARN_UNUSED_VARIABLE = YES;
				IPHONEOS_DEPLOYMENT_TARGET = 9.3;
				MTL_ENABLE_DEBUG_INFO = YES;
				ONLY_ACTIVE_ARCH = YES;
				SDKROOT = iphoneos;
				SWIFT_OPTIMIZATION_LEVEL = "-Onone";
				TARGETED_DEVICE_FAMILY = "1,2";
			};
			name = Debug;
		};
		11566C021CA72E6500FBFAAE /* Release */ = {
			isa = XCBuildConfiguration;
			buildSettings = {
				ALWAYS_SEARCH_USER_PATHS = NO;
				CLANG_ANALYZER_NONNULL = YES;
				CLANG_CXX_LANGUAGE_STANDARD = "gnu++0x";
				CLANG_CXX_LIBRARY = "libc++";
				CLANG_ENABLE_MODULES = YES;
				CLANG_ENABLE_OBJC_ARC = YES;
				CLANG_WARN_BOOL_CONVERSION = YES;
				CLANG_WARN_CONSTANT_CONVERSION = YES;
				CLANG_WARN_DIRECT_OBJC_ISA_USAGE = YES_ERROR;
				CLANG_WARN_EMPTY_BODY = YES;
				CLANG_WARN_ENUM_CONVERSION = YES;
				CLANG_WARN_INT_CONVERSION = YES;
				CLANG_WARN_OBJC_ROOT_CLASS = YES_ERROR;
				CLANG_WARN_UNREACHABLE_CODE = YES;
				CLANG_WARN__DUPLICATE_METHOD_MATCH = YES;
				"CODE_SIGN_IDENTITY[sdk=iphoneos*]" = "iPhone Developer";
				COPY_PHASE_STRIP = NO;
				DEBUG_INFORMATION_FORMAT = "dwarf-with-dsym";
				ENABLE_NS_ASSERTIONS = NO;
				ENABLE_STRICT_OBJC_MSGSEND = YES;
				GCC_C_LANGUAGE_STANDARD = gnu99;
				GCC_NO_COMMON_BLOCKS = YES;
				GCC_WARN_64_TO_32_BIT_CONVERSION = YES;
				GCC_WARN_ABOUT_RETURN_TYPE = YES_ERROR;
				GCC_WARN_UNDECLARED_SELECTOR = YES;
				GCC_WARN_UNINITIALIZED_AUTOS = YES_AGGRESSIVE;
				GCC_WARN_UNUSED_FUNCTION = YES;
				GCC_WARN_UNUSED_VARIABLE = YES;
				IPHONEOS_DEPLOYMENT_TARGET = 9.3;
				MTL_ENABLE_DEBUG_INFO = NO;
				SDKROOT = iphoneos;
				TARGETED_DEVICE_FAMILY = "1,2";
				VALIDATE_PRODUCT = YES;
			};
			name = Release;
		};
		11566C041CA72E6500FBFAAE /* Debug */ = {
			isa = XCBuildConfiguration;
			buildSettings = {
				ASSETCATALOG_COMPILER_APPICON_NAME = AppIcon;
				INFOPLIST_FILE = "cocoapods-test/Info.plist";
				LD_RUNPATH_SEARCH_PATHS = "$(inherited) @executable_path/Frameworks";
				PRODUCT_BUNDLE_IDENTIFIER = "com.VyacheslavHorbach.cocoapods-test";
				PRODUCT_NAME = "$(TARGET_NAME)";
			};
			name = Debug;
		};
		11566C051CA72E6500FBFAAE /* Release */ = {
			isa = XCBuildConfiguration;
			buildSettings = {
				ASSETCATALOG_COMPILER_APPICON_NAME = AppIcon;
				INFOPLIST_FILE = "cocoapods-test/Info.plist";
				LD_RUNPATH_SEARCH_PATHS = "$(inherited) @executable_path/Frameworks";
				PRODUCT_BUNDLE_IDENTIFIER = "com.VyacheslavHorbach.cocoapods-test";
				PRODUCT_NAME = "$(TARGET_NAME)";
			};
			name = Release;
		};
/* End XCBuildConfiguration section */

/* Begin XCConfigurationList section */
		11566BEC1CA72E6500FBFAAE /* Build configuration list for PBXProject "cocoapods-test" */ = {
			isa = XCConfigurationList;
			buildConfigurations = (
				11566C011CA72E6500FBFAAE /* Debug */,
				11566C021CA72E6500FBFAAE /* Release */,
			);
			defaultConfigurationIsVisible = 0;
			defaultConfigurationName = Release;
		};
		11566C031CA72E6500FBFAAE /* Build configuration list for PBXNativeTarget "cocoapods-test" */ = {
			isa = XCConfigurationList;
			buildConfigurations = (
				11566C041CA72E6500FBFAAE /* Debug */,
				11566C051CA72E6500FBFAAE /* Release */,
			);
			defaultConfigurationIsVisible = 0;
		};
/* End XCConfigurationList section */
	};
	rootObject = 11566BE91CA72E6500FBFAAE /* Project object */;
}
